
Microsoft Visual Studio Solution File, Format Version 12.00
# Visual Studio Version 16
VisualStudioVersion = 16.0.34114.132
MinimumVisualStudioVersion = 10.0.40219.1
Project("{9A19103F-16F7-4668-BE54-9A1E7A4F7556}") = "PaldinoCrafts.Website", "PaldinoCrafts.Website\PaldinoCrafts.Website.csproj", "{A25D3F2B-BAC8-4601-8C4E-D1AF7939BE4C}"
EndProject
Global
	GlobalSection(SolutionConfigurationPlatforms) = preSolution
		Debug|Any CPU = Debug|Any CPU
		Release|Any CPU = Release|Any CPU
	EndGlobalSection
	GlobalSection(ProjectConfigurationPlatforms) = postSolution
		{A25D3F2B-BAC8-4601-8C4E-D1AF7939BE4C}.Debug|Any CPU.ActiveCfg = Debug|Any CPU
		{A25D3F2B-BAC8-4601-8C4E-D1AF7939BE4C}.Debug|Any CPU.Build.0 = Debug|Any CPU
		{A25D3F2B-BAC8-4601-8C4E-D1AF7939BE4C}.Release|Any CPU.ActiveCfg = Release|Any CPU
		{A25D3F2B-BAC8-4601-8C4E-D1AF7939BE4C}.Release|Any CPU.Build.0 = Release|Any CPU
	EndGlobalSection
	GlobalSection(SolutionProperties) = preSolution
		HideSolutionNode = FALSE
	EndGlobalSection
	GlobalSection(ExtensibilityGlobals) = postSolution
		SolutionGuid = {6D1F5AC5-3FB6-4093-81A4-7A5C6DFADD45}
	EndGlobalSection
EndGlobal
